
Microsoft Visual Studio Solution File, Format Version 12.00
# Visual Studio 15
VisualStudioVersion = 15.0.28010.2036
MinimumVisualStudioVersion = 10.0.40219.1
Project("{FAE04EC0-301F-11D3-BF4B-00C04F79EFBC}") = "Mensagem", "Mensagem\Mensagem.csproj", "{A075A4B5-132D-4C19-8E62-7EEA2D179773}"
EndProject
Global
	GlobalSection(SolutionConfigurationPlatforms) = preSolution
		Debug|Any CPU = Debug|Any CPU
		Release|Any CPU = Release|Any CPU
	EndGlobalSection
	GlobalSection(ProjectConfigurationPlatforms) = postSolution
		{A075A4B5-132D-4C19-8E62-7EEA2D179773}.Debug|Any CPU.ActiveCfg = Debug|Any CPU
		{A075A4B5-132D-4C19-8E62-7EEA2D179773}.Debug|Any CPU.Build.0 = Debug|Any CPU
		{A075A4B5-132D-4C19-8E62-7EEA2D179773}.Release|Any CPU.ActiveCfg = Release|Any CPU
		{A075A4B5-132D-4C19-8E62-7EEA2D179773}.Release|Any CPU.Build.0 = Release|Any CPU
	EndGlobalSection
	GlobalSection(SolutionProperties) = preSolution
		HideSolutionNode = FALSE
	EndGlobalSection
	GlobalSection(ExtensibilityGlobals) = postSolution
		SolutionGuid = {0B706A53-2243-454D-BAAC-C16C900C8E3F}
	EndGlobalSection
EndGlobal
